# THIS IS AN AUTOGENERATED FILE. DO NOT EDIT THIS FILE DIRECTLY.
# yarn lockfile v1


"@actual-app/api@^1.0.9":
  version "1.0.9"
  resolved "https://registry.yarnpkg.com/@actual-app/api/-/api-1.0.9.tgz#6a505dec04204b566002f98306560f1571194d50"
  integrity sha512-T4f0gCAAswxUS9utLVTCnM/ADVeI5ZFzPdHSQDQhzcHekgxD9YkuKPLB0lg+6K4k1EGIr2nqjJmitYe1OHHq1A==
  dependencies:
    node-ipc "9.1.1"
    uuid "3.3.2"

"@types/moment@^2.13.0":
  version "2.13.0"
  resolved "https://registry.yarnpkg.com/@types/moment/-/moment-2.13.0.tgz#604ebd189bc3bc34a1548689404e61a2a4aac896"
  integrity sha1-YE69GJvDvDShVIaJQE5hoqSqyJY=
  dependencies:
    moment "*"

"@types/node@^13.1.6":
  version "13.1.6"
  resolved "https://registry.yarnpkg.com/@types/node/-/node-13.1.6.tgz#076028d0b0400be8105b89a0a55550c86684ffec"
  integrity sha512-Jg1F+bmxcpENHP23sVKkNuU3uaxPnsBMW0cLjleiikFKomJQbsn0Cqk2yDvQArqzZN6ABfBkZ0To7pQ8sLdWDg==

bluebird@^3.5.1:
  version "3.7.2"
  resolved "https://registry.yarnpkg.com/bluebird/-/bluebird-3.7.2.tgz#9f229c15be272454ffa973ace0dbee79a1b0c36f"
  integrity sha512-XpNj6GDQzdfW+r2Wnn7xiSAd7TM3jzkxGXBGTtWKuSXv1xUV+azxAm8jdWZN06QTQk+2N2XB9jRDkvbmQmcRtg==

csvtojson@^2.0.10:
  version "2.0.10"
  resolved "https://registry.yarnpkg.com/csvtojson/-/csvtojson-2.0.10.tgz#11e7242cc630da54efce7958a45f443210357574"
  integrity sha512-lUWFxGKyhraKCW8Qghz6Z0f2l/PqB1W3AO0HKJzGIQ5JRSlR651ekJDiGJbBT4sRNNv5ddnSGVEnsxP9XRCVpQ==
  dependencies:
    bluebird "^3.5.1"
    lodash "^4.17.3"
    strip-bom "^2.0.0"

easy-stack@^1.0.0:
  version "1.0.0"
  resolved "https://registry.yarnpkg.com/easy-stack/-/easy-stack-1.0.0.tgz#12c91b3085a37f0baa336e9486eac4bf94e3e788"
  integrity sha1-EskbMIWjfwuqM26UhurEv5Tj54g=

event-pubsub@4.3.0:
  version "4.3.0"
  resolved "https://registry.yarnpkg.com/event-pubsub/-/event-pubsub-4.3.0.tgz#f68d816bc29f1ec02c539dc58c8dd40ce72cb36e"
  integrity sha512-z7IyloorXvKbFx9Bpie2+vMJKKx1fH1EN5yiTfp8CiLOTptSYy1g8H4yDpGlEdshL1PBiFtBHepF2cNsqeEeFQ==

is-utf8@^0.2.0:
  version "0.2.1"
  resolved "https://registry.yarnpkg.com/is-utf8/-/is-utf8-0.2.1.tgz#4b0da1442104d1b336340e80797e865cf39f7d72"
  integrity sha1-Sw2hRCEE0bM2NA6AeX6GXPOffXI=

js-message@1.0.5:
  version "1.0.5"
  resolved "https://registry.yarnpkg.com/js-message/-/js-message-1.0.5.tgz#2300d24b1af08e89dd095bc1a4c9c9cfcb892d15"
  integrity sha1-IwDSSxrwjondCVvBpMnJz8uJLRU=

js-queue@2.0.0:
  version "2.0.0"
  resolved "https://registry.yarnpkg.com/js-queue/-/js-queue-2.0.0.tgz#362213cf860f468f0125fc6c96abc1742531f948"
  integrity sha1-NiITz4YPRo8BJfxslqvBdCUx+Ug=
  dependencies:
    easy-stack "^1.0.0"

lodash@^4.17.3:
  version "4.17.21"
  resolved "https://registry.yarnpkg.com/lodash/-/lodash-4.17.21.tgz#679591c564c3bffaae8454cf0b3df370c3d6911c"
  integrity sha512-v2kDEe57lecTulaDIuNTPy3Ry4gLGJ6Z1O3vE1krgXZNrsQ+LFTGHVxVjcXPs17LhbZVGedAJv8XZ1tvj5FvSg==

moment@*, moment@^2.24.0:
  version "2.24.0"
  resolved "https://registry.yarnpkg.com/moment/-/moment-2.24.0.tgz#0d055d53f5052aa653c9f6eb68bb5d12bf5c2b5b"
  integrity sha512-bV7f+6l2QigeBBZSM/6yTNq4P2fNpSWj/0e7jQcy87A8e7o2nAfP/34/2ky5Vw4B9S446EtIhodAzkFCcR4dQg==

node-ipc@9.1.1:
  version "9.1.1"
  resolved "https://registry.yarnpkg.com/node-ipc/-/node-ipc-9.1.1.tgz#4e245ed6938e65100e595ebc5dc34b16e8dd5d69"
  integrity sha512-FAyICv0sIRJxVp3GW5fzgaf9jwwRQxAKDJlmNFUL5hOy+W4X/I5AypyHoq0DXXbo9o/gt79gj++4cMr4jVWE/w==
  dependencies:
    event-pubsub "4.3.0"
    js-message "1.0.5"
    js-queue "2.0.0"

strip-bom@^2.0.0:
  version "2.0.0"
  resolved "https://registry.yarnpkg.com/strip-bom/-/strip-bom-2.0.0.tgz#6219a85616520491f35788bdbf1447a99c7e6b0e"
  integrity sha1-YhmoVhZSBJHzV4i9vxRHqZx+aw4=
  dependencies:
    is-utf8 "^0.2.0"

typescript@^3.7.4:
  version "3.7.4"
  resolved "https://registry.yarnpkg.com/typescript/-/typescript-3.7.4.tgz#1743a5ec5fef6a1fa9f3e4708e33c81c73876c19"
  integrity sha512-A25xv5XCtarLwXpcDNZzCGvW2D1S3/bACratYBx2sax8PefsFhlYmkQicKHvpYflFS8if4zne5zT5kpJ7pzuvw==

uuid@3.3.2:
  version "3.3.2"
  resolved "https://registry.yarnpkg.com/uuid/-/uuid-3.3.2.tgz#1b4af4955eb3077c501c23872fc6513811587131"
  integrity sha512-yXJmeNaw3DnnKAOKJE51sL/ZaYfWJRl1pK9dr19YFCu0ObS231AB1/LbqTKRAQ5kw8A90rA6fr4riOUpTZvQZA==
